
Microsoft Visual Studio Solution File, Format Version 12.00
# Visual Studio Version 17
VisualStudioVersion = 17.5.33530.505
MinimumVisualStudioVersion = 10.0.40219.1
Project("{9A19103F-16F7-4668-BE54-9A1E7A4F7556}") = "GajuLanches", "GajuLanches\GajuLanches.csproj", "{3ECC3798-EC77-4B87-9C13-EEE175EF10F2}"
EndProject
Global
	GlobalSection(SolutionConfigurationPlatforms) = preSolution
		Debug|Any CPU = Debug|Any CPU
		Debug|x64 = Debug|x64
		Release|Any CPU = Release|Any CPU
		Release|x64 = Release|x64
	EndGlobalSection
	GlobalSection(ProjectConfigurationPlatforms) = postSolution
		{3ECC3798-EC77-4B87-9C13-EEE175EF10F2}.Debug|Any CPU.ActiveCfg = Debug|Any CPU
		{3ECC3798-EC77-4B87-9C13-EEE175EF10F2}.Debug|Any CPU.Build.0 = Debug|Any CPU
		{3ECC3798-EC77-4B87-9C13-EEE175EF10F2}.Debug|x64.ActiveCfg = Debug|x64
		{3ECC3798-EC77-4B87-9C13-EEE175EF10F2}.Debug|x64.Build.0 = Debug|x64
		{3ECC3798-EC77-4B87-9C13-EEE175EF10F2}.Release|Any CPU.ActiveCfg = Release|Any CPU
		{3ECC3798-EC77-4B87-9C13-EEE175EF10F2}.Release|Any CPU.Build.0 = Release|Any CPU
		{3ECC3798-EC77-4B87-9C13-EEE175EF10F2}.Release|x64.ActiveCfg = Release|x64
		{3ECC3798-EC77-4B87-9C13-EEE175EF10F2}.Release|x64.Build.0 = Release|x64
	EndGlobalSection
	GlobalSection(SolutionProperties) = preSolution
		HideSolutionNode = FALSE
	EndGlobalSection
	GlobalSection(ExtensibilityGlobals) = postSolution
		SolutionGuid = {FBE02EA9-6C81-48A7-861C-07E3CDD93E7D}
	EndGlobalSection
EndGlobal
